
Microsoft Visual Studio Solution File, Format Version 12.00
Project("{FAE04EC0-301F-11D3-BF4B-00C04F79EFBC}") = "PayrollProgram", "PayrollProgram\PayrollProgram.csproj", "{532EA956-EBAC-45C6-8080-79E8F3D1BB68}"
EndProject
Global
	GlobalSection(SolutionConfigurationPlatforms) = preSolution
		Debug|Any CPU = Debug|Any CPU
		Release|Any CPU = Release|Any CPU
	EndGlobalSection
	GlobalSection(ProjectConfigurationPlatforms) = postSolution
		{532EA956-EBAC-45C6-8080-79E8F3D1BB68}.Debug|Any CPU.ActiveCfg = Debug|Any CPU
		{532EA956-EBAC-45C6-8080-79E8F3D1BB68}.Debug|Any CPU.Build.0 = Debug|Any CPU
		{532EA956-EBAC-45C6-8080-79E8F3D1BB68}.Release|Any CPU.ActiveCfg = Release|Any CPU
		{532EA956-EBAC-45C6-8080-79E8F3D1BB68}.Release|Any CPU.Build.0 = Release|Any CPU
	EndGlobalSection
EndGlobal
